
Microsoft Visual Studio Solution File, Format Version 12.00
# Visual Studio 14
VisualStudioVersion = 14.0.25420.1
MinimumVisualStudioVersion = 10.0.40219.1
Project("{FAE04EC0-301F-11D3-BF4B-00C04F79EFBC}") = "SportsStore.Domain", "SportsStore.Domain\SportsStore.Domain.csproj", "{EB12256B-6913-4115-821E-A94EE2D98106}"
EndProject
Project("{FAE04EC0-301F-11D3-BF4B-00C04F79EFBC}") = "SportsStore.WebUI", "SportsStore.WebUI\SportsStore.WebUI.csproj", "{076E019F-AFA9-479A-A69D-D1ECEE28BAFB}"
EndProject
Project("{FAE04EC0-301F-11D3-BF4B-00C04F79EFBC}") = "SportsStore.UnitTests", "SportsStore.UnitTests\SportsStore.UnitTests.csproj", "{20DABE29-34F4-4184-B53B-1083B3187845}"
EndProject
Global
	GlobalSection(SolutionConfigurationPlatforms) = preSolution
		Debug|Any CPU = Debug|Any CPU
		Release|Any CPU = Release|Any CPU
	EndGlobalSection
	GlobalSection(ProjectConfigurationPlatforms) = postSolution
		{EB12256B-6913-4115-821E-A94EE2D98106}.Debug|Any CPU.ActiveCfg = Debug|Any CPU
		{EB12256B-6913-4115-821E-A94EE2D98106}.Debug|Any CPU.Build.0 = Debug|Any CPU
		{EB12256B-6913-4115-821E-A94EE2D98106}.Release|Any CPU.ActiveCfg = Release|Any CPU
		{EB12256B-6913-4115-821E-A94EE2D98106}.Release|Any CPU.Build.0 = Release|Any CPU
		{076E019F-AFA9-479A-A69D-D1ECEE28BAFB}.Debug|Any CPU.ActiveCfg = Debug|Any CPU
		{076E019F-AFA9-479A-A69D-D1ECEE28BAFB}.Debug|Any CPU.Build.0 = Debug|Any CPU
		{076E019F-AFA9-479A-A69D-D1ECEE28BAFB}.Release|Any CPU.ActiveCfg = Release|Any CPU
		{076E019F-AFA9-479A-A69D-D1ECEE28BAFB}.Release|Any CPU.Build.0 = Release|Any CPU
		{20DABE29-34F4-4184-B53B-1083B3187845}.Debug|Any CPU.ActiveCfg = Debug|Any CPU
		{20DABE29-34F4-4184-B53B-1083B3187845}.Debug|Any CPU.Build.0 = Debug|Any CPU
		{20DABE29-34F4-4184-B53B-1083B3187845}.Release|Any CPU.ActiveCfg = Release|Any CPU
		{20DABE29-34F4-4184-B53B-1083B3187845}.Release|Any CPU.Build.0 = Release|Any CPU
	EndGlobalSection
	GlobalSection(SolutionProperties) = preSolution
		HideSolutionNode = FALSE
	EndGlobalSection
EndGlobal
